Microsoft Visual Studio Solution File, Format Version 11.00
# Visual Studio 2008

Project("{413620D8-4B06-5469-7412-7C432310A962}") = "Night of the Mad Moderators", "Assembly-CSharp.csproj", "{DF6EBFDD-F328-20E1-57C3-DD34E5AB8710}"
EndProject
Global
	GlobalSection(SolutionConfigurationPlatforms) = preSolution
		Debug|Any CPU = Debug|Any CPU
		Release|Any CPU = Release|Any CPU
	EndGlobalSection
	GlobalSection(ProjectConfigurationPlatforms) = postSolution
		{DF6EBFDD-F328-20E1-57C3-DD34E5AB8710}.Debug|Any CPU.ActiveCfg = Debug|Any CPU
		{DF6EBFDD-F328-20E1-57C3-DD34E5AB8710}.Debug|Any CPU.Build.0 = Debug|Any CPU
		{DF6EBFDD-F328-20E1-57C3-DD34E5AB8710}.Release|Any CPU.ActiveCfg = Release|Any CPU
		{DF6EBFDD-F328-20E1-57C3-DD34E5AB8710}.Release|Any CPU.Build.0 = Release|Any CPU
	EndGlobalSection
	GlobalSection(SolutionProperties) = preSolution
		HideSolutionNode = FALSE
	EndGlobalSection
	GlobalSection(MonoDevelopProperties) = preSolution
		StartupItem = Assembly-CSharp.csproj
	EndGlobalSection
EndGlobal
